
Microsoft Visual Studio Solution File, Format Version 12.00
# Visual Studio Version 16
VisualStudioVersion = 16.0.30907.101
MinimumVisualStudioVersion = 10.0.40219.1
Project("{FAE04EC0-301F-11D3-BF4B-00C04F79EFBC}") = "FoodDeliveryView", "FoodDeliveryView\FoodDeliveryView.csproj", "{FAF52452-F5A1-474A-85B7-133279C86D3A}"
EndProject
Project("{9A19103F-16F7-4668-BE54-9A1E7A4F7556}") = "FoodDeliveryBusinnesLogic", "FoodDeliveryBusinnesLogic\FoodDeliveryBusinnesLogic.csproj", "{5DF499C9-ED7A-4149-A5DD-51AC50A81A43}"
EndProject
Project("{9A19103F-16F7-4668-BE54-9A1E7A4F7556}") = "FoodDeliveryListImplement", "FoodDeliveryListImplement\FoodDeliveryListImplement.csproj", "{09C1A7DD-BB47-40A1-9DA3-D8442CD33E67}"
EndProject
Project("{9A19103F-16F7-4668-BE54-9A1E7A4F7556}") = "FoodDeliveryFileImplement", "FoodDeliveryFileImplement\FoodDeliveryFileImplement.csproj", "{D813AC3C-0A70-43A5-9243-E81D67E5A8EB}"
EndProject
Project("{FAE04EC0-301F-11D3-BF4B-00C04F79EFBC}") = "FoodDeliveryDatabaseImplement", "FoodDeliveryDatabaseImplement\FoodDeliveryDatabaseImplement.csproj", "{3498FDB6-1D11-4AFF-A732-E485E9C35224}"
EndProject
Global
	GlobalSection(SolutionConfigurationPlatforms) = preSolution
		Debug|Any CPU = Debug|Any CPU
		Release|Any CPU = Release|Any CPU
	EndGlobalSection
	GlobalSection(ProjectConfigurationPlatforms) = postSolution
		{FAF52452-F5A1-474A-85B7-133279C86D3A}.Debug|Any CPU.ActiveCfg = Debug|Any CPU
		{FAF52452-F5A1-474A-85B7-133279C86D3A}.Debug|Any CPU.Build.0 = Debug|Any CPU
		{FAF52452-F5A1-474A-85B7-133279C86D3A}.Release|Any CPU.ActiveCfg = Release|Any CPU
		{FAF52452-F5A1-474A-85B7-133279C86D3A}.Release|Any CPU.Build.0 = Release|Any CPU
		{5DF499C9-ED7A-4149-A5DD-51AC50A81A43}.Debug|Any CPU.ActiveCfg = Debug|Any CPU
		{5DF499C9-ED7A-4149-A5DD-51AC50A81A43}.Debug|Any CPU.Build.0 = Debug|Any CPU
		{5DF499C9-ED7A-4149-A5DD-51AC50A81A43}.Release|Any CPU.ActiveCfg = Release|Any CPU
		{5DF499C9-ED7A-4149-A5DD-51AC50A81A43}.Release|Any CPU.Build.0 = Release|Any CPU
		{09C1A7DD-BB47-40A1-9DA3-D8442CD33E67}.Debug|Any CPU.ActiveCfg = Debug|Any CPU
		{09C1A7DD-BB47-40A1-9DA3-D8442CD33E67}.Debug|Any CPU.Build.0 = Debug|Any CPU
		{09C1A7DD-BB47-40A1-9DA3-D8442CD33E67}.Release|Any CPU.ActiveCfg = Release|Any CPU
		{09C1A7DD-BB47-40A1-9DA3-D8442CD33E67}.Release|Any CPU.Build.0 = Release|Any CPU
		{D813AC3C-0A70-43A5-9243-E81D67E5A8EB}.Debug|Any CPU.ActiveCfg = Debug|Any CPU
		{D813AC3C-0A70-43A5-9243-E81D67E5A8EB}.Debug|Any CPU.Build.0 = Debug|Any CPU
		{D813AC3C-0A70-43A5-9243-E81D67E5A8EB}.Release|Any CPU.ActiveCfg = Release|Any CPU
		{D813AC3C-0A70-43A5-9243-E81D67E5A8EB}.Release|Any CPU.Build.0 = Release|Any CPU
		{3498FDB6-1D11-4AFF-A732-E485E9C35224}.Debug|Any CPU.ActiveCfg = Debug|Any CPU
		{3498FDB6-1D11-4AFF-A732-E485E9C35224}.Debug|Any CPU.Build.0 = Debug|Any CPU
		{3498FDB6-1D11-4AFF-A732-E485E9C35224}.Release|Any CPU.ActiveCfg = Release|Any CPU
		{3498FDB6-1D11-4AFF-A732-E485E9C35224}.Release|Any CPU.Build.0 = Release|Any CPU
	EndGlobalSection
	GlobalSection(SolutionProperties) = preSolution
		HideSolutionNode = FALSE
	EndGlobalSection
	GlobalSection(ExtensibilityGlobals) = postSolution
		SolutionGuid = {5375482D-32D5-44C0-85D3-965A6452D2AA}
	EndGlobalSection
EndGlobal
